
Microsoft Visual Studio Solution File, Format Version 12.00
# Visual Studio 14
VisualStudioVersion = 14.0.25420.1
MinimumVisualStudioVersion = 10.0.40219.1
Project("{FAE04EC0-301F-11D3-BF4B-00C04F79EFBC}") = "RealSenseFaceRecognition", "RealSenseFaceRecognition.csproj", "{DED2187A-52A5-466E-8B3D-BFF013770412}"
EndProject
Project("{FAE04EC0-301F-11D3-BF4B-00C04F79EFBC}") = "RealSenseSdkExtensions", "..\RealSenseSdkExtensions\RealSenseSdkExtensions\RealSenseSdkExtensions.csproj", "{63EF804B-03DF-4312-938B-4AC0E5AF132E}"
EndProject
Project("{FAE04EC0-301F-11D3-BF4B-00C04F79EFBC}") = "RealSenseFaceRecognitionModule", "RealSenseFaceRecognitionModule\RealSenseFaceRecognitionModule.csproj", "{8E5B6B06-8D51-40BF-938A-2FB5332BFBB8}"
EndProject
Project("{FAE04EC0-301F-11D3-BF4B-00C04F79EFBC}") = "FaceDatabaseExplorer", "FaceDatabaseExplorer\FaceDatabaseExplorer.csproj", "{37BEC6E7-16E5-4A08-8D65-B6BDCB632026}"
EndProject
Project("{FAE04EC0-301F-11D3-BF4B-00C04F79EFBC}") = "FaceRecognition", "..\FaceRecognition\FaceRecognition.csproj", "{0D74C293-81D0-4619-AFD0-41AE50CDE40E}"
EndProject
Global
	GlobalSection(SolutionConfigurationPlatforms) = preSolution
		Debug|Any CPU = Debug|Any CPU
		Debug|x64 = Debug|x64
		Debug|x86 = Debug|x86
		Release|Any CPU = Release|Any CPU
		Release|x64 = Release|x64
		Release|x86 = Release|x86
	EndGlobalSection
	GlobalSection(ProjectConfigurationPlatforms) = postSolution
		{DED2187A-52A5-466E-8B3D-BFF013770412}.Debug|Any CPU.ActiveCfg = Debug|x86
		{DED2187A-52A5-466E-8B3D-BFF013770412}.Debug|x64.ActiveCfg = Debug|x64
		{DED2187A-52A5-466E-8B3D-BFF013770412}.Debug|x64.Build.0 = Debug|x64
		{DED2187A-52A5-466E-8B3D-BFF013770412}.Debug|x86.ActiveCfg = Debug|x86
		{DED2187A-52A5-466E-8B3D-BFF013770412}.Debug|x86.Build.0 = Debug|x86
		{DED2187A-52A5-466E-8B3D-BFF013770412}.Release|Any CPU.ActiveCfg = Release|x86
		{DED2187A-52A5-466E-8B3D-BFF013770412}.Release|x64.ActiveCfg = Release|x64
		{DED2187A-52A5-466E-8B3D-BFF013770412}.Release|x64.Build.0 = Release|x64
		{DED2187A-52A5-466E-8B3D-BFF013770412}.Release|x86.ActiveCfg = Release|x86
		{DED2187A-52A5-466E-8B3D-BFF013770412}.Release|x86.Build.0 = Release|x86
		{63EF804B-03DF-4312-938B-4AC0E5AF132E}.Debug|Any CPU.ActiveCfg = Debug|Any CPU
		{63EF804B-03DF-4312-938B-4AC0E5AF132E}.Debug|Any CPU.Build.0 = Debug|Any CPU
		{63EF804B-03DF-4312-938B-4AC0E5AF132E}.Debug|x64.ActiveCfg = Debug|Any CPU
		{63EF804B-03DF-4312-938B-4AC0E5AF132E}.Debug|x64.Build.0 = Debug|Any CPU
		{63EF804B-03DF-4312-938B-4AC0E5AF132E}.Debug|x86.ActiveCfg = Debug|Any CPU
		{63EF804B-03DF-4312-938B-4AC0E5AF132E}.Debug|x86.Build.0 = Debug|Any CPU
		{63EF804B-03DF-4312-938B-4AC0E5AF132E}.Release|Any CPU.ActiveCfg = Release|Any CPU
		{63EF804B-03DF-4312-938B-4AC0E5AF132E}.Release|Any CPU.Build.0 = Release|Any CPU
		{63EF804B-03DF-4312-938B-4AC0E5AF132E}.Release|x64.ActiveCfg = Release|Any CPU
		{63EF804B-03DF-4312-938B-4AC0E5AF132E}.Release|x64.Build.0 = Release|Any CPU
		{63EF804B-03DF-4312-938B-4AC0E5AF132E}.Release|x86.ActiveCfg = Release|Any CPU
		{63EF804B-03DF-4312-938B-4AC0E5AF132E}.Release|x86.Build.0 = Release|Any CPU
		{8E5B6B06-8D51-40BF-938A-2FB5332BFBB8}.Debug|Any CPU.ActiveCfg = Debug|Any CPU
		{8E5B6B06-8D51-40BF-938A-2FB5332BFBB8}.Debug|Any CPU.Build.0 = Debug|Any CPU
		{8E5B6B06-8D51-40BF-938A-2FB5332BFBB8}.Debug|x64.ActiveCfg = Debug|Any CPU
		{8E5B6B06-8D51-40BF-938A-2FB5332BFBB8}.Debug|x64.Build.0 = Debug|Any CPU
		{8E5B6B06-8D51-40BF-938A-2FB5332BFBB8}.Debug|x86.ActiveCfg = Debug|Any CPU
		{8E5B6B06-8D51-40BF-938A-2FB5332BFBB8}.Debug|x86.Build.0 = Debug|Any CPU
		{8E5B6B06-8D51-40BF-938A-2FB5332BFBB8}.Release|Any CPU.ActiveCfg = Release|Any CPU
		{8E5B6B06-8D51-40BF-938A-2FB5332BFBB8}.Release|Any CPU.Build.0 = Release|Any CPU
		{8E5B6B06-8D51-40BF-938A-2FB5332BFBB8}.Release|x64.ActiveCfg = Release|Any CPU
		{8E5B6B06-8D51-40BF-938A-2FB5332BFBB8}.Release|x64.Build.0 = Release|Any CPU
		{8E5B6B06-8D51-40BF-938A-2FB5332BFBB8}.Release|x86.ActiveCfg = Release|Any CPU
		{8E5B6B06-8D51-40BF-938A-2FB5332BFBB8}.Release|x86.Build.0 = Release|Any CPU
		{37BEC6E7-16E5-4A08-8D65-B6BDCB632026}.Debug|Any CPU.ActiveCfg = Debug|Any CPU
		{37BEC6E7-16E5-4A08-8D65-B6BDCB632026}.Debug|Any CPU.Build.0 = Debug|Any CPU
		{37BEC6E7-16E5-4A08-8D65-B6BDCB632026}.Debug|x64.ActiveCfg = Debug|Any CPU
		{37BEC6E7-16E5-4A08-8D65-B6BDCB632026}.Debug|x64.Build.0 = Debug|Any CPU
		{37BEC6E7-16E5-4A08-8D65-B6BDCB632026}.Debug|x86.ActiveCfg = Debug|Any CPU
		{37BEC6E7-16E5-4A08-8D65-B6BDCB632026}.Debug|x86.Build.0 = Debug|Any CPU
		{37BEC6E7-16E5-4A08-8D65-B6BDCB632026}.Release|Any CPU.ActiveCfg = Release|Any CPU
		{37BEC6E7-16E5-4A08-8D65-B6BDCB632026}.Release|Any CPU.Build.0 = Release|Any CPU
		{37BEC6E7-16E5-4A08-8D65-B6BDCB632026}.Release|x64.ActiveCfg = Release|Any CPU
		{37BEC6E7-16E5-4A08-8D65-B6BDCB632026}.Release|x64.Build.0 = Release|Any CPU
		{37BEC6E7-16E5-4A08-8D65-B6BDCB632026}.Release|x86.ActiveCfg = Release|Any CPU
		{37BEC6E7-16E5-4A08-8D65-B6BDCB632026}.Release|x86.Build.0 = Release|Any CPU
		{0D74C293-81D0-4619-AFD0-41AE50CDE40E}.Debug|Any CPU.ActiveCfg = Debug|Any CPU
		{0D74C293-81D0-4619-AFD0-41AE50CDE40E}.Debug|Any CPU.Build.0 = Debug|Any CPU
		{0D74C293-81D0-4619-AFD0-41AE50CDE40E}.Debug|x64.ActiveCfg = Debug|Any CPU
		{0D74C293-81D0-4619-AFD0-41AE50CDE40E}.Debug|x64.Build.0 = Debug|Any CPU
		{0D74C293-81D0-4619-AFD0-41AE50CDE40E}.Debug|x86.ActiveCfg = Debug|Any CPU
		{0D74C293-81D0-4619-AFD0-41AE50CDE40E}.Debug|x86.Build.0 = Debug|Any CPU
		{0D74C293-81D0-4619-AFD0-41AE50CDE40E}.Release|Any CPU.ActiveCfg = Release|Any CPU
		{0D74C293-81D0-4619-AFD0-41AE50CDE40E}.Release|Any CPU.Build.0 = Release|Any CPU
		{0D74C293-81D0-4619-AFD0-41AE50CDE40E}.Release|x64.ActiveCfg = Release|Any CPU
		{0D74C293-81D0-4619-AFD0-41AE50CDE40E}.Release|x64.Build.0 = Release|Any CPU
		{0D74C293-81D0-4619-AFD0-41AE50CDE40E}.Release|x86.ActiveCfg = Release|Any CPU
		{0D74C293-81D0-4619-AFD0-41AE50CDE40E}.Release|x86.Build.0 = Release|Any CPU
	EndGlobalSection
	GlobalSection(SolutionProperties) = preSolution
		HideSolutionNode = FALSE
	EndGlobalSection
EndGlobal
